# This file is automatically @generated by Cargo.
# It is not intended for manual editing.
version = 4

[[package]]
name = "codecleanup-lua"
version = "0.1.0"
dependencies = [
 "codecleanup-plugin",
]

[[package]]
name = "codecleanup-plugin"
version = "0.1.0"

[[package]]
name = "codecleanup-typescript"
version = "0.1.0"
dependencies = [
 "codecleanup-plugin",
]
